
Microsoft Visual Studio Solution File, Format Version 12.00
# Visual Studio Version 16
VisualStudioVersion = 16.0.30320.27
MinimumVisualStudioVersion = 10.0.40219.1
Project("{FAE04EC0-301F-11D3-BF4B-00C04F79EFBC}") = "Cyotek.Collections.Generic.CircularBuffer.Demo", "demo\Cyotek.Collections.Generic.CircularBuffer.Demo.csproj", "{ED28514C-3458-4E2A-94E4-5949356F27BB}"
EndProject
Project("{9A19103F-16F7-4668-BE54-9A1E7A4F7556}") = "Cyotek.Collections.Generic.CircularBuffer", "Cyotek.Collections.Generic.CircularBuffer\Cyotek.Collections.Generic.CircularBuffer.csproj", "{2ED127E6-9B7A-4828-AE46-F3553F61F209}"
EndProject
Project("{9A19103F-16F7-4668-BE54-9A1E7A4F7556}") = "Cyotek.Collections.Generic.CircularBuffer.Tests", "Cyotek.Collections.Generic.CircularBuffer.Tests\Cyotek.Collections.Generic.CircularBuffer.Tests.csproj", "{EA14697D-3EFE-4999-86F6-4F886CBAFF1F}"
EndProject
Project("{2150E333-8FDC-42A3-9474-1A3956D46DE8}") = "Solution Items", "Solution Items", "{A644FACA-1DA6-4861-9304-3D1A41329D80}"
	ProjectSection(SolutionItems) = preProject
		CHANGELOG.md = CHANGELOG.md
		CONTRIBUTORS.md = CONTRIBUTORS.md
		LICENSE.txt = LICENSE.txt
		README.md = README.md
	EndProjectSection
EndProject
Global
	GlobalSection(SolutionConfigurationPlatforms) = preSolution
		Debug|Any CPU = Debug|Any CPU
		Release|Any CPU = Release|Any CPU
	EndGlobalSection
	GlobalSection(ProjectConfigurationPlatforms) = postSolution
		{2ED127E6-9B7A-4828-AE46-F3553F61F209}.Debug|Any CPU.ActiveCfg = Debug|Any CPU
		{2ED127E6-9B7A-4828-AE46-F3553F61F209}.Debug|Any CPU.Build.0 = Debug|Any CPU
		{2ED127E6-9B7A-4828-AE46-F3553F61F209}.Release|Any CPU.ActiveCfg = Release|Any CPU
		{2ED127E6-9B7A-4828-AE46-F3553F61F209}.Release|Any CPU.Build.0 = Release|Any CPU
		{EA14697D-3EFE-4999-86F6-4F886CBAFF1F}.Debug|Any CPU.ActiveCfg = Debug|Any CPU
		{EA14697D-3EFE-4999-86F6-4F886CBAFF1F}.Debug|Any CPU.Build.0 = Debug|Any CPU
		{EA14697D-3EFE-4999-86F6-4F886CBAFF1F}.Release|Any CPU.ActiveCfg = Release|Any CPU
		{EA14697D-3EFE-4999-86F6-4F886CBAFF1F}.Release|Any CPU.Build.0 = Release|Any CPU
		{ED28514C-3458-4E2A-94E4-5949356F27BB}.Debug|Any CPU.ActiveCfg = Debug|Any CPU
		{ED28514C-3458-4E2A-94E4-5949356F27BB}.Debug|Any CPU.Build.0 = Debug|Any CPU
		{ED28514C-3458-4E2A-94E4-5949356F27BB}.Release|Any CPU.ActiveCfg = Release|Any CPU
		{ED28514C-3458-4E2A-94E4-5949356F27BB}.Release|Any CPU.Build.0 = Release|Any CPU
	EndGlobalSection
	GlobalSection(SolutionProperties) = preSolution
		HideSolutionNode = FALSE
	EndGlobalSection
	GlobalSection(ExtensibilityGlobals) = postSolution
		SolutionGuid = {8149D7AA-8DCE-4CBB-BCDF-4723F0CE981B}
	EndGlobalSection
EndGlobal
